
Microsoft Visual Studio Solution File, Format Version 12.00
# Visual Studio Version 16
VisualStudioVersion = 16.0.30309.148
MinimumVisualStudioVersion = 10.0.40219.1
Project("{FAE04EC0-301F-11D3-BF4B-00C04F79EFBC}") = "AI_Proiect3", "AI_Proiect3\AI_Proiect3.csproj", "{A25546CC-E94B-4911-A765-1D8EF1E5BADD}"
EndProject
Global
	GlobalSection(SolutionConfigurationPlatforms) = preSolution
		Debug|Any CPU = Debug|Any CPU
		Release|Any CPU = Release|Any CPU
	EndGlobalSection
	GlobalSection(ProjectConfigurationPlatforms) = postSolution
		{A25546CC-E94B-4911-A765-1D8EF1E5BADD}.Debug|Any CPU.ActiveCfg = Debug|Any CPU
		{A25546CC-E94B-4911-A765-1D8EF1E5BADD}.Debug|Any CPU.Build.0 = Debug|Any CPU
		{A25546CC-E94B-4911-A765-1D8EF1E5BADD}.Release|Any CPU.ActiveCfg = Release|Any CPU
		{A25546CC-E94B-4911-A765-1D8EF1E5BADD}.Release|Any CPU.Build.0 = Release|Any CPU
	EndGlobalSection
	GlobalSection(SolutionProperties) = preSolution
		HideSolutionNode = FALSE
	EndGlobalSection
	GlobalSection(ExtensibilityGlobals) = postSolution
		SolutionGuid = {8AB83EBD-3DCB-452C-993C-455D4C62C125}
	EndGlobalSection
EndGlobal
